
Microsoft Visual Studio Solution File, Format Version 12.00
# Visual Studio Version 17
VisualStudioVersion = 17.1.32210.238
MinimumVisualStudioVersion = 10.0.40219.1
Project("{9A19103F-16F7-4668-BE54-9A1E7A4F7556}") = "DMS-Recipient", "DMS-recipient\DMS-Recipient.csproj", "{E1CE23A0-9B15-4A7A-92C2-34D7E4ADB81F}"
EndProject
Project("{FAE04EC0-301F-11D3-BF4B-00C04F79EFBC}") = "DMS-Sender", "DMS-Sender\DMS-Sender.csproj", "{330CAD9D-5BD9-4579-AFBC-80B81C0068E7}"
EndProject
Global
	GlobalSection(SolutionConfigurationPlatforms) = preSolution
		Debug|Any CPU = Debug|Any CPU
		Release|Any CPU = Release|Any CPU
	EndGlobalSection
	GlobalSection(ProjectConfigurationPlatforms) = postSolution
		{E1CE23A0-9B15-4A7A-92C2-34D7E4ADB81F}.Debug|Any CPU.ActiveCfg = Debug|Any CPU
		{E1CE23A0-9B15-4A7A-92C2-34D7E4ADB81F}.Debug|Any CPU.Build.0 = Debug|Any CPU
		{E1CE23A0-9B15-4A7A-92C2-34D7E4ADB81F}.Release|Any CPU.ActiveCfg = Release|Any CPU
		{E1CE23A0-9B15-4A7A-92C2-34D7E4ADB81F}.Release|Any CPU.Build.0 = Release|Any CPU
		{330CAD9D-5BD9-4579-AFBC-80B81C0068E7}.Debug|Any CPU.ActiveCfg = Debug|Any CPU
		{330CAD9D-5BD9-4579-AFBC-80B81C0068E7}.Debug|Any CPU.Build.0 = Debug|Any CPU
		{330CAD9D-5BD9-4579-AFBC-80B81C0068E7}.Release|Any CPU.ActiveCfg = Release|Any CPU
		{330CAD9D-5BD9-4579-AFBC-80B81C0068E7}.Release|Any CPU.Build.0 = Release|Any CPU
	EndGlobalSection
	GlobalSection(SolutionProperties) = preSolution
		HideSolutionNode = FALSE
	EndGlobalSection
	GlobalSection(ExtensibilityGlobals) = postSolution
		SolutionGuid = {6778694D-0993-476C-B058-04FEB679762B}
	EndGlobalSection
EndGlobal
